<?xml version="1.0" encoding="utf-8"?>
<Project ToolsVersion="4.0" xmlns="http://schemas.microsoft.com/developer/msbuild/2003">
  <ItemGroup>
    <Filter Include="Source Files">
      <UniqueIdentifier>{4FC737F1-C7A5-4376-A066-2A32D752A2FF}</UniqueIdentifier>
      <Extensions>cpp;c;cc;cxx;def;odl;idl;hpj;bat;asm;asmx</Extensions>
    </Filter>
    <Filter Include="Header Files">
      <UniqueIdentifier>{93995380-89BD-4b04-88EB-625FBE52EBFB}</UniqueIdentifier>
      <Extensions>h;hh;hpp;hxx;hm;inl;inc;xsd</Extensions>
    </Filter>
    <Filter Include="Resource Files">
      <UniqueIdentifier>{67DA6AB6-F800-4c08-8B7A-83BB121AAD01}</UniqueIdentifier>
      <Extensions>rc;ico;cur;bmp;dlg;rc2;rct;bin;rgs;gif;jpg;jpeg;jpe;resx;tiff;tif;png;wav;mfcribbon-ms</Extensions>
    </Filter>
    <Filter Include="Source Files\graph">
      <UniqueIdentifier>{cd32a41f-4e92-4709-9b0d-907c08dfca81}</UniqueIdentifier>
    </Filter>
    <Filter Include="Source Files\enemy">
      <UniqueIdentifier>{a28848e3-d2e2-4fd0-a483-8249f82d93fc}</UniqueIdentifier>
    </Filter>
    <Filter Include="Source Files\shot">
      <UniqueIdentifier>{00e998c1-518c-4789-a4ba-995a6212b587}</UniqueIdentifier>
    </Filter>
    <Filter Include="Source Files\shot\Hard">
      <UniqueIdentifier>{c45cd9bb-d99b-4100-80cb-0d1e4d979e7d}</UniqueIdentifier>
    </Filter>
    <Filter Include="Source Files\boss_shot">
      <UniqueIdentifier>{bca0b850-8703-4930-8a8a-845564f9038d}</UniqueIdentifier>
    </Filter>
    <Filter Include="Source Files\boss_shot\Hard">
      <UniqueIdentifier>{3dbb24ae-42d6-404c-be4d-5d8307c74f3e}</UniqueIdentifier>
    </Filter>
  </ItemGroup>
  <ItemGroup>
    <ClCompile Include="key.cpp">
      <Filter>Source Files</Filter>
    </ClCompile>
    <ClCompile Include="main.cpp">
      <Filter>Source Files</Filter>
    </ClCompile>
    <ClCompile Include="load.cpp">
      <Filter>Source Files</Filter>
    </ClCompile>
    <ClCompile Include="graph.cpp">
      <Filter>Source Files\graph</Filter>
    </ClCompile>
    <ClCompile Include="ini.cpp">
      <Filter>Source Files</Filter>
    </ClCompile>
    <ClCompile Include="char.cpp">
      <Filter>Source Files</Filter>
    </ClCompile>
    <ClCompile Include="enemy.cpp">
      <Filter>Source Files\enemy</Filter>
    </ClCompile>
    <ClCompile Include="enemy_act_pattern.cpp">
      <Filter>Source Files\enemy</Filter>
    </ClCompile>
    <ClCompile Include="shot.cpp">
      <Filter>Source Files\shot</Filter>
    </ClCompile>
    <ClCompile Include="shotH.cpp">
      <Filter>Source Files\shot\Hard</Filter>
    </ClCompile>
    <ClCompile Include="music.cpp">
      <Filter>Source Files</Filter>
    </ClCompile>
    <ClCompile Include="cshot.cpp">
      <Filter>Source Files\shot</Filter>
    </ClCompile>
    <ClCompile Include="out.cpp">
      <Filter>Source Files</Filter>
    </ClCompile>
    <ClCompile Include="effect.cpp">
      <Filter>Source Files</Filter>
    </ClCompile>
    <ClCompile Include="graph_back.cpp">
      <Filter>Source Files\graph</Filter>
    </ClCompile>
    <ClCompile Include="boss_shot.cpp">
      <Filter>Source Files\boss_shot</Filter>
    </ClCompile>
    <ClCompile Include="boss_shotH.cpp">
      <Filter>Source Files\boss_shot\Hard</Filter>
    </ClCompile>
    <ClCompile Include="out_lazer.cpp">
      <Filter>Source Files</Filter>
    </ClCompile>
    <ClCompile Include="calc.cpp">
      <Filter>Source Files</Filter>
    </ClCompile>
    <ClCompile Include="fps.cpp">
      <Filter>Source Files</Filter>
    </ClCompile>
    <ClCompile Include="check_time.cpp">
      <Filter>Source Files</Filter>
    </ClCompile>
    <ClCompile Include="dn.cpp">
      <Filter>Source Files</Filter>
    </ClCompile>
  </ItemGroup>
  <ItemGroup>
    <ClInclude Include="include\define.h">
      <Filter>Header Files</Filter>
    </ClInclude>
    <ClInclude Include="include\GV.h">
      <Filter>Header Files</Filter>
    </ClInclude>
    <ClInclude Include="include\struct.h">
      <Filter>Header Files</Filter>
    </ClInclude>
    <ClInclude Include="include\function.h">
      <Filter>Header Files</Filter>
    </ClInclude>
    <ClInclude Include="include\func.h">
      <Filter>Header Files</Filter>
    </ClInclude>
  </ItemGroup>
</Project>